
Microsoft Visual Studio Solution File, Format Version 12.00
# Visual Studio Version 17
VisualStudioVersion = 17.6.33815.320
MinimumVisualStudioVersion = 10.0.40219.1
Project("{FAE04EC0-301F-11D3-BF4B-00C04F79EFBC}") = "Output Operator Overloading", "Output Operator Overloading\Output Operator Overloading.csproj", "{608F5527-2A69-49BC-870F-A4DDD20CA70C}"
EndProject
Global
	GlobalSection(SolutionConfigurationPlatforms) = preSolution
		Debug|Any CPU = Debug|Any CPU
		Release|Any CPU = Release|Any CPU
	EndGlobalSection
	GlobalSection(ProjectConfigurationPlatforms) = postSolution
		{608F5527-2A69-49BC-870F-A4DDD20CA70C}.Debug|Any CPU.ActiveCfg = Debug|Any CPU
		{608F5527-2A69-49BC-870F-A4DDD20CA70C}.Debug|Any CPU.Build.0 = Debug|Any CPU
		{608F5527-2A69-49BC-870F-A4DDD20CA70C}.Release|Any CPU.ActiveCfg = Release|Any CPU
		{608F5527-2A69-49BC-870F-A4DDD20CA70C}.Release|Any CPU.Build.0 = Release|Any CPU
	EndGlobalSection
	GlobalSection(SolutionProperties) = preSolution
		HideSolutionNode = FALSE
	EndGlobalSection
	GlobalSection(ExtensibilityGlobals) = postSolution
		SolutionGuid = {1436AA49-CEEA-4375-8D8E-DA56A83BCDDC}
	EndGlobalSection
EndGlobal
