
Microsoft Visual Studio Solution File, Format Version 12.00
# Visual Studio Version 17
VisualStudioVersion = 17.6.33815.320
MinimumVisualStudioVersion = 10.0.40219.1
Project("{FAE04EC0-301F-11D3-BF4B-00C04F79EFBC}") = "Record", "Record\Record.csproj", "{FA88BC0B-94CD-45DC-B662-497773316C1B}"
EndProject
Global
	GlobalSection(SolutionConfigurationPlatforms) = preSolution
		Debug|Any CPU = Debug|Any CPU
		Release|Any CPU = Release|Any CPU
	EndGlobalSection
	GlobalSection(ProjectConfigurationPlatforms) = postSolution
		{FA88BC0B-94CD-45DC-B662-497773316C1B}.Debug|Any CPU.ActiveCfg = Debug|Any CPU
		{FA88BC0B-94CD-45DC-B662-497773316C1B}.Debug|Any CPU.Build.0 = Debug|Any CPU
		{FA88BC0B-94CD-45DC-B662-497773316C1B}.Release|Any CPU.ActiveCfg = Release|Any CPU
		{FA88BC0B-94CD-45DC-B662-497773316C1B}.Release|Any CPU.Build.0 = Release|Any CPU
	EndGlobalSection
	GlobalSection(SolutionProperties) = preSolution
		HideSolutionNode = FALSE
	EndGlobalSection
	GlobalSection(ExtensibilityGlobals) = postSolution
		SolutionGuid = {638A76CF-21B2-4597-9BE1-CED74BF15463}
	EndGlobalSection
EndGlobal
